
Microsoft Visual Studio Solution File, Format Version 12.00
# Visual Studio Version 16
VisualStudioVersion = 16.0.31515.178
MinimumVisualStudioVersion = 10.0.40219.1
Project("{FAE04EC0-301F-11D3-BF4B-00C04F79EFBC}") = "NAS_0", "NAS_0\NAS_0.csproj", "{34A0E00F-6137-4F51-A236-83ED38ECC24B}"
EndProject
Global
	GlobalSection(SolutionConfigurationPlatforms) = preSolution
		Debug|Any CPU = Debug|Any CPU
		Release|Any CPU = Release|Any CPU
	EndGlobalSection
	GlobalSection(ProjectConfigurationPlatforms) = postSolution
		{34A0E00F-6137-4F51-A236-83ED38ECC24B}.Debug|Any CPU.ActiveCfg = Debug|Any CPU
		{34A0E00F-6137-4F51-A236-83ED38ECC24B}.Debug|Any CPU.Build.0 = Debug|Any CPU
		{34A0E00F-6137-4F51-A236-83ED38ECC24B}.Release|Any CPU.ActiveCfg = Release|Any CPU
		{34A0E00F-6137-4F51-A236-83ED38ECC24B}.Release|Any CPU.Build.0 = Release|Any CPU
	EndGlobalSection
	GlobalSection(SolutionProperties) = preSolution
		HideSolutionNode = FALSE
	EndGlobalSection
	GlobalSection(ExtensibilityGlobals) = postSolution
		SolutionGuid = {5E915265-C65F-4E2E-A500-B7670AAAB077}
	EndGlobalSection
EndGlobal
